// !$*UTF8*$!
{
	archiveVersion = 1;
	classes = {
	};
	objectVersion = 56;
	objects = {

/* Begin PBXBuildFile section */
		1EB64FD72BBDEAA30092D7F9 /* swift_authenticationApp.swift in Sources */ = {isa = PBXBuildFile; fileRef = 1EB64FD62BBDEAA30092D7F9 /* swift_authenticationApp.swift */; };
		1EB64FDB2BBDEAA40092D7F9 /* Assets.xcassets in Resources */ = {isa = PBXBuildFile; fileRef = 1EB64FDA2BBDEAA40092D7F9 /* Assets.xcassets */; };
		1EB64FDE2BBDEAA40092D7F9 /* Preview Assets.xcassets in Resources */ = {isa = PBXBuildFile; fileRef = 1EB64FDD2BBDEAA40092D7F9 /* Preview Assets.xcassets */; };
		1EB64FE02BBDEAA40092D7F9 /* Persistence.swift in Sources */ = {isa = PBXBuildFile; fileRef = 1EB64FDF2BBDEAA40092D7F9 /* Persistence.swift */; };
		1EB64FE32BBDEAA40092D7F9 /* swift_authentication.xcdatamodeld in Sources */ = {isa = PBXBuildFile; fileRef = 1EB64FE12BBDEAA40092D7F9 /* swift_authentication.xcdatamodeld */; };
		1EB64FED2BBDEAA40092D7F9 /* swift_authenticationTests.swift in Sources */ = {isa = PBXBuildFile; fileRef = 1EB64FEC2BBDEAA40092D7F9 /* swift_authenticationTests.swift */; };
		1EB64FF72BBDEAA40092D7F9 /* swift_authenticationUITests.swift in Sources */ = {isa = PBXBuildFile; fileRef = 1EB64FF62BBDEAA40092D7F9 /* swift_authenticationUITests.swift */; };
		1EB64FF92BBDEAA40092D7F9 /* swift_authenticationUITestsLaunchTests.swift in Sources */ = {isa = PBXBuildFile; fileRef = 1EB64FF82BBDEAA40092D7F9 /* swift_authenticationUITestsLaunchTests.swift */; };
		1EB650062BBDEAE70092D7F9 /* LoginViewModel.swift in Sources */ = {isa = PBXBuildFile; fileRef = 1EB650052BBDEAE70092D7F9 /* LoginViewModel.swift */; };
		1EB650072BBDEAE70092D7F9 /* LoginViewModel.swift in Sources */ = {isa = PBXBuildFile; fileRef = 1EB650052BBDEAE70092D7F9 /* LoginViewModel.swift */; };
		1EB650082BBDEAE70092D7F9 /* LoginViewModel.swift in Sources */ = {isa = PBXBuildFile; fileRef = 1EB650052BBDEAE70092D7F9 /* LoginViewModel.swift */; };
		1EB6500A2BBDEAF40092D7F9 /* LoginView.swift in Sources */ = {isa = PBXBuildFile; fileRef = 1EB650092BBDEAF40092D7F9 /* LoginView.swift */; };
		1EB6500B2BBDEAF40092D7F9 /* LoginView.swift in Sources */ = {isa = PBXBuildFile; fileRef = 1EB650092BBDEAF40092D7F9 /* LoginView.swift */; };
		1EB6500C2BBDEAF40092D7F9 /* LoginView.swift in Sources */ = {isa = PBXBuildFile; fileRef = 1EB650092BBDEAF40092D7F9 /* LoginView.swift */; };
		1EB6500E2BBDEAFF0092D7F9 /* LoginModel.swift in Sources */ = {isa = PBXBuildFile; fileRef = 1EB6500D2BBDEAFF0092D7F9 /* LoginModel.swift */; };
		1EB6500F2BBDEAFF0092D7F9 /* LoginModel.swift in Sources */ = {isa = PBXBuildFile; fileRef = 1EB6500D2BBDEAFF0092D7F9 /* LoginModel.swift */; };
		1EB650102BBDEAFF0092D7F9 /* LoginModel.swift in Sources */ = {isa = PBXBuildFile; fileRef = 1EB6500D2BBDEAFF0092D7F9 /* LoginModel.swift */; };
		1EB650122BC1F4B60092D7F9 /* ForgotPasswordView.swift in Sources */ = {isa = PBXBuildFile; fileRef = 1EB650112BC1F4B60092D7F9 /* ForgotPasswordView.swift */; };
		1EB650142BC204AB0092D7F9 /* GlobalConstants.swift in Sources */ = {isa = PBXBuildFile; fileRef = 1EB650132BC204AB0092D7F9 /* GlobalConstants.swift */; };
/* End PBXBuildFile section */

/* Begin PBXContainerItemProxy section */
		1EB64FE92BBDEAA40092D7F9 /* PBXContainerItemProxy */ = {
			isa = PBXContainerItemProxy;
			containerPortal = 1EB64FCB2BBDEAA30092D7F9 /* Project object */;
			proxyType = 1;
			remoteGlobalIDString = 1EB64FD22BBDEAA30092D7F9;
			remoteInfo = "swift-authentication";
		};
		1EB64FF32BBDEAA40092D7F9 /* PBXContainerItemProxy */ = {
			isa = PBXContainerItemProxy;
			containerPortal = 1EB64FCB2BBDEAA30092D7F9 /* Project object */;
			proxyType = 1;
			remoteGlobalIDString = 1EB64FD22BBDEAA30092D7F9;
			remoteInfo = "swift-authentication";
		};
/* End PBXContainerItemProxy section */

/* Begin PBXFileReference section */
		1EB64FD32BBDEAA30092D7F9 /* swift-authentication.app */ = {isa = PBXFileReference; explicitFileType = wrapper.application; includeInIndex = 0; path = "swift-authentication.app"; sourceTree = BUILT_PRODUCTS_DIR; };
		1EB64FD62BBDEAA30092D7F9 /* swift_authenticationApp.swift */ = {isa = PBXFileReference; lastKnownFileType = sourcecode.swift; path = swift_authenticationApp.swift; sourceTree = "<group>"; };
		1EB64FDA2BBDEAA40092D7F9 /* Assets.xcassets */ = {isa = PBXFileReference; lastKnownFileType = folder.assetcatalog; path = Assets.xcassets; sourceTree = "<group>"; };
		1EB64FDD2BBDEAA40092D7F9 /* Preview Assets.xcassets */ = {isa = PBXFileReference; lastKnownFileType = folder.assetcatalog; path = "Preview Assets.xcassets"; sourceTree = "<group>"; };
		1EB64FDF2BBDEAA40092D7F9 /* Persistence.swift */ = {isa = PBXFileReference; lastKnownFileType = sourcecode.swift; path = Persistence.swift; sourceTree = "<group>"; };
		1EB64FE22BBDEAA40092D7F9 /* swift_authentication.xcdatamodel */ = {isa = PBXFileReference; lastKnownFileType = wrapper.xcdatamodel; path = swift_authentication.xcdatamodel; sourceTree = "<group>"; };
		1EB64FE82BBDEAA40092D7F9 /* swift-authenticationTests.xctest */ = {isa = PBXFileReference; explicitFileType = wrapper.cfbundle; includeInIndex = 0; path = "swift-authenticationTests.xctest"; sourceTree = BUILT_PRODUCTS_DIR; };
		1EB64FEC2BBDEAA40092D7F9 /* swift_authenticationTests.swift */ = {isa = PBXFileReference; lastKnownFileType = sourcecode.swift; path = swift_authenticationTests.swift; sourceTree = "<group>"; };
		1EB64FF22BBDEAA40092D7F9 /* swift-authenticationUITests.xctest */ = {isa = PBXFileReference; explicitFileType = wrapper.cfbundle; includeInIndex = 0; path = "swift-authenticationUITests.xctest"; sourceTree = BUILT_PRODUCTS_DIR; };
		1EB64FF62BBDEAA40092D7F9 /* swift_authenticationUITests.swift */ = {isa = PBXFileReference; lastKnownFileType = sourcecode.swift; path = swift_authenticationUITests.swift; sourceTree = "<group>"; };
		1EB64FF82BBDEAA40092D7F9 /* swift_authenticationUITestsLaunchTests.swift */ = {isa = PBXFileReference; lastKnownFileType = sourcecode.swift; path = swift_authenticationUITestsLaunchTests.swift; sourceTree = "<group>"; };
		1EB650052BBDEAE70092D7F9 /* LoginViewModel.swift */ = {isa = PBXFileReference; lastKnownFileType = sourcecode.swift; path = LoginViewModel.swift; sourceTree = "<group>"; };
		1EB650092BBDEAF40092D7F9 /* LoginView.swift */ = {isa = PBXFileReference; lastKnownFileType = sourcecode.swift; path = LoginView.swift; sourceTree = "<group>"; };
		1EB6500D2BBDEAFF0092D7F9 /* LoginModel.swift */ = {isa = PBXFileReference; lastKnownFileType = sourcecode.swift; path = LoginModel.swift; sourceTree = "<group>"; };
		1EB650112BC1F4B60092D7F9 /* ForgotPasswordView.swift */ = {isa = PBXFileReference; lastKnownFileType = sourcecode.swift; path = ForgotPasswordView.swift; sourceTree = "<group>"; };
		1EB650132BC204AB0092D7F9 /* GlobalConstants.swift */ = {isa = PBXFileReference; lastKnownFileType = sourcecode.swift; path = GlobalConstants.swift; sourceTree = "<group>"; };
/* End PBXFileReference section */

/* Begin PBXFrameworksBuildPhase section */
		1EB64FD02BBDEAA30092D7F9 /* Frameworks */ = {
			isa = PBXFrameworksBuildPhase;
			buildActionMask = 2147483647;
			files = (
			);
			runOnlyForDeploymentPostprocessing = 0;
		};
		1EB64FE52BBDEAA40092D7F9 /* Frameworks */ = {
			isa = PBXFrameworksBuildPhase;
			buildActionMask = 2147483647;
			files = (
			);
			runOnlyForDeploymentPostprocessing = 0;
		};
		1EB64FEF2BBDEAA40092D7F9 /* Frameworks */ = {
			isa = PBXFrameworksBuildPhase;
			buildActionMask = 2147483647;
			files = (
			);
			runOnlyForDeploymentPostprocessing = 0;
		};
/* End PBXFrameworksBuildPhase section */

/* Begin PBXGroup section */
		1EB64FCA2BBDEAA30092D7F9 = {
			isa = PBXGroup;
			children = (
				1EB64FD52BBDEAA30092D7F9 /* swift-authentication */,
				1EB64FEB2BBDEAA40092D7F9 /* swift-authenticationTests */,
				1EB64FF52BBDEAA40092D7F9 /* swift-authenticationUITests */,
				1EB64FD42BBDEAA30092D7F9 /* Products */,
			);
			sourceTree = "<group>";
		};
		1EB64FD42BBDEAA30092D7F9 /* Products */ = {
			isa = PBXGroup;
			children = (
				1EB64FD32BBDEAA30092D7F9 /* swift-authentication.app */,
				1EB64FE82BBDEAA40092D7F9 /* swift-authenticationTests.xctest */,
				1EB64FF22BBDEAA40092D7F9 /* swift-authenticationUITests.xctest */,
			);
			name = Products;
			sourceTree = "<group>";
		};
		1EB64FD52BBDEAA30092D7F9 /* swift-authentication */ = {
			isa = PBXGroup;
			children = (
				1EB64FD62BBDEAA30092D7F9 /* swift_authenticationApp.swift */,
				1EB64FDA2BBDEAA40092D7F9 /* Assets.xcassets */,
				1EB64FDF2BBDEAA40092D7F9 /* Persistence.swift */,
				1EB64FE12BBDEAA40092D7F9 /* swift_authentication.xcdatamodeld */,
				1EB64FDC2BBDEAA40092D7F9 /* Preview Content */,
				1EB650052BBDEAE70092D7F9 /* LoginViewModel.swift */,
				1EB650092BBDEAF40092D7F9 /* LoginView.swift */,
				1EB6500D2BBDEAFF0092D7F9 /* LoginModel.swift */,
				1EB650112BC1F4B60092D7F9 /* ForgotPasswordView.swift */,
				1EB650132BC204AB0092D7F9 /* GlobalConstants.swift */,
			);
			path = "swift-authentication";
			sourceTree = "<group>";
		};
		1EB64FDC2BBDEAA40092D7F9 /* Preview Content */ = {
			isa = PBXGroup;
			children = (
				1EB64FDD2BBDEAA40092D7F9 /* Preview Assets.xcassets */,
			);
			path = "Preview Content";
			sourceTree = "<group>";
		};
		1EB64FEB2BBDEAA40092D7F9 /* swift-authenticationTests */ = {
			isa = PBXGroup;
			children = (
				1EB64FEC2BBDEAA40092D7F9 /* swift_authenticationTests.swift */,
			);
			path = "swift-authenticationTests";
			sourceTree = "<group>";
		};
		1EB64FF52BBDEAA40092D7F9 /* swift-authenticationUITests */ = {
			isa = PBXGroup;
			children = (
				1EB64FF62BBDEAA40092D7F9 /* swift_authenticationUITests.swift */,
				1EB64FF82BBDEAA40092D7F9 /* swift_authenticationUITestsLaunchTests.swift */,
			);
			path = "swift-authenticationUITests";
			sourceTree = "<group>";
		};
/* End PBXGroup section */

/* Begin PBXNativeTarget section */
		1EB64FD22BBDEAA30092D7F9 /* swift-authentication */ = {
			isa = PBXNativeTarget;
			buildConfigurationList = 1EB64FFC2BBDEAA40092D7F9 /* Build configuration list for PBXNativeTarget "swift-authentication" */;
			buildPhases = (
				1EB64FCF2BBDEAA30092D7F9 /* Sources */,
				1EB64FD02BBDEAA30092D7F9 /* Frameworks */,
				1EB64FD12BBDEAA30092D7F9 /* Resources */,
			);
			buildRules = (
			);
			dependencies = (
			);
			name = "swift-authentication";
			productName = "swift-authentication";
			productReference = 1EB64FD32BBDEAA30092D7F9 /* swift-authentication.app */;
			productType = "com.apple.product-type.application";
		};
		1EB64FE72BBDEAA40092D7F9 /* swift-authenticationTests */ = {
			isa = PBXNativeTarget;
			buildConfigurationList = 1EB64FFF2BBDEAA40092D7F9 /* Build configuration list for PBXNativeTarget "swift-authenticationTests" */;
			buildPhases = (
				1EB64FE42BBDEAA40092D7F9 /* Sources */,
				1EB64FE52BBDEAA40092D7F9 /* Frameworks */,
				1EB64FE62BBDEAA40092D7F9 /* Resources */,
			);
			buildRules = (
			);
			dependencies = (
				1EB64FEA2BBDEAA40092D7F9 /* PBXTargetDependency */,
			);
			name = "swift-authenticationTests";
			productName = "swift-authenticationTests";
			productReference = 1EB64FE82BBDEAA40092D7F9 /* swift-authenticationTests.xctest */;
			productType = "com.apple.product-type.bundle.unit-test";
		};
		1EB64FF12BBDEAA40092D7F9 /* swift-authenticationUITests */ = {
			isa = PBXNativeTarget;
			buildConfigurationList = 1EB650022BBDEAA40092D7F9 /* Build configuration list for PBXNativeTarget "swift-authenticationUITests" */;
			buildPhases = (
				1EB64FEE2BBDEAA40092D7F9 /* Sources */,
				1EB64FEF2BBDEAA40092D7F9 /* Frameworks */,
				1EB64FF02BBDEAA40092D7F9 /* Resources */,
			);
			buildRules = (
			);
			dependencies = (
				1EB64FF42BBDEAA40092D7F9 /* PBXTargetDependency */,
			);
			name = "swift-authenticationUITests";
			productName = "swift-authenticationUITests";
			productReference = 1EB64FF22BBDEAA40092D7F9 /* swift-authenticationUITests.xctest */;
			productType = "com.apple.product-type.bundle.ui-testing";
		};
/* End PBXNativeTarget section */

/* Begin PBXProject section */
		1EB64FCB2BBDEAA30092D7F9 /* Project object */ = {
			isa = PBXProject;
			attributes = {
				BuildIndependentTargetsInParallel = 1;
				LastSwiftUpdateCheck = 1410;
				LastUpgradeCheck = 1410;
				TargetAttributes = {
					1EB64FD22BBDEAA30092D7F9 = {
						CreatedOnToolsVersion = 14.1;
					};
					1EB64FE72BBDEAA40092D7F9 = {
						CreatedOnToolsVersion = 14.1;
						TestTargetID = 1EB64FD22BBDEAA30092D7F9;
					};
					1EB64FF12BBDEAA40092D7F9 = {
						CreatedOnToolsVersion = 14.1;
						TestTargetID = 1EB64FD22BBDEAA30092D7F9;
					};
				};
			};
			buildConfigurationList = 1EB64FCE2BBDEAA30092D7F9 /* Build configuration list for PBXProject "swift-authentication" */;
			compatibilityVersion = "Xcode 14.0";
			developmentRegion = en;
			hasScannedForEncodings = 0;
			knownRegions = (
				en,
				Base,
			);
			mainGroup = 1EB64FCA2BBDEAA30092D7F9;
			productRefGroup = 1EB64FD42BBDEAA30092D7F9 /* Products */;
			projectDirPath = "";
			projectRoot = "";
			targets = (
				1EB64FD22BBDEAA30092D7F9 /* swift-authentication */,
				1EB64FE72BBDEAA40092D7F9 /* swift-authenticationTests */,
				1EB64FF12BBDEAA40092D7F9 /* swift-authenticationUITests */,
			);
		};
/* End PBXProject section */

/* Begin PBXResourcesBuildPhase section */
		1EB64FD12BBDEAA30092D7F9 /* Resources */ = {
			isa = PBXResourcesBuildPhase;
			buildActionMask = 2147483647;
			files = (
				1EB64FDE2BBDEAA40092D7F9 /* Preview Assets.xcassets in Resources */,
				1EB64FDB2BBDEAA40092D7F9 /* Assets.xcassets in Resources */,
			);
			runOnlyForDeploymentPostprocessing = 0;
		};
		1EB64FE62BBDEAA40092D7F9 /* Resources */ = {
			isa = PBXResourcesBuildPhase;
			buildActionMask = 2147483647;
			files = (
			);
			runOnlyForDeploymentPostprocessing = 0;
		};
		1EB64FF02BBDEAA40092D7F9 /* Resources */ = {
			isa = PBXResourcesBuildPhase;
			buildActionMask = 2147483647;
			files = (
			);
			runOnlyForDeploymentPostprocessing = 0;
		};
/* End PBXResourcesBuildPhase section */

/* Begin PBXSourcesBuildPhase section */
		1EB64FCF2BBDEAA30092D7F9 /* Sources */ = {
			isa = PBXSourcesBuildPhase;
			buildActionMask = 2147483647;
			files = (
				1EB6500E2BBDEAFF0092D7F9 /* LoginModel.swift in Sources */,
				1EB650122BC1F4B60092D7F9 /* ForgotPasswordView.swift in Sources */,
				1EB650062BBDEAE70092D7F9 /* LoginViewModel.swift in Sources */,
				1EB64FE02BBDEAA40092D7F9 /* Persistence.swift in Sources */,
				1EB6500A2BBDEAF40092D7F9 /* LoginView.swift in Sources */,
				1EB64FD72BBDEAA30092D7F9 /* swift_authenticationApp.swift in Sources */,
				1EB650142BC204AB0092D7F9 /* GlobalConstants.swift in Sources */,
				1EB64FE32BBDEAA40092D7F9 /* swift_authentication.xcdatamodeld in Sources */,
			);
			runOnlyForDeploymentPostprocessing = 0;
		};
		1EB64FE42BBDEAA40092D7F9 /* Sources */ = {
			isa = PBXSourcesBuildPhase;
			buildActionMask = 2147483647;
			files = (
				1EB650072BBDEAE70092D7F9 /* LoginViewModel.swift in Sources */,
				1EB64FED2BBDEAA40092D7F9 /* swift_authenticationTests.swift in Sources */,
				1EB6500B2BBDEAF40092D7F9 /* LoginView.swift in Sources */,
				1EB6500F2BBDEAFF0092D7F9 /* LoginModel.swift in Sources */,
			);
			runOnlyForDeploymentPostprocessing = 0;
		};
		1EB64FEE2BBDEAA40092D7F9 /* Sources */ = {
			isa = PBXSourcesBuildPhase;
			buildActionMask = 2147483647;
			files = (
				1EB650102BBDEAFF0092D7F9 /* LoginModel.swift in Sources */,
				1EB6500C2BBDEAF40092D7F9 /* LoginView.swift in Sources */,
				1EB64FF92BBDEAA40092D7F9 /* swift_authenticationUITestsLaunchTests.swift in Sources */,
				1EB650082BBDEAE70092D7F9 /* LoginViewModel.swift in Sources */,
				1EB64FF72BBDEAA40092D7F9 /* swift_authenticationUITests.swift in Sources */,
			);
			runOnlyForDeploymentPostprocessing = 0;
		};
/* End PBXSourcesBuildPhase section */

/* Begin PBXTargetDependency section */
		1EB64FEA2BBDEAA40092D7F9 /* PBXTargetDependency */ = {
			isa = PBXTargetDependency;
			target = 1EB64FD22BBDEAA30092D7F9 /* swift-authentication */;
			targetProxy = 1EB64FE92BBDEAA40092D7F9 /* PBXContainerItemProxy */;
		};
		1EB64FF42BBDEAA40092D7F9 /* PBXTargetDependency */ = {
			isa = PBXTargetDependency;
			target = 1EB64FD22BBDEAA30092D7F9 /* swift-authentication */;
			targetProxy = 1EB64FF32BBDEAA40092D7F9 /* PBXContainerItemProxy */;
		};
/* End PBXTargetDependency section */

/* Begin XCBuildConfiguration section */
		1EB64FFA2BBDEAA40092D7F9 /* Debug */ = {
			isa = XCBuildConfiguration;
			buildSettings = {
				ALWAYS_SEARCH_USER_PATHS = NO;
				CLANG_ANALYZER_NONNULL = YES;
				CLANG_ANALYZER_NUMBER_OBJECT_CONVERSION = YES_AGGRESSIVE;
				CLANG_CXX_LANGUAGE_STANDARD = "gnu++20";
				CLANG_ENABLE_MODULES = YES;
				CLANG_ENABLE_OBJC_ARC = YES;
				CLANG_ENABLE_OBJC_WEAK = YES;
				CLANG_WARN_BLOCK_CAPTURE_AUTORELEASING = YES;
				CLANG_WARN_BOOL_CONVERSION = YES;
				CLANG_WARN_COMMA = YES;
				CLANG_WARN_CONSTANT_CONVERSION = YES;
				CLANG_WARN_DEPRECATED_OBJC_IMPLEMENTATIONS = YES;
				CLANG_WARN_DIRECT_OBJC_ISA_USAGE = YES_ERROR;
				CLANG_WARN_DOCUMENTATION_COMMENTS = YES;
				CLANG_WARN_EMPTY_BODY = YES;
				CLANG_WARN_ENUM_CONVERSION = YES;
				CLANG_WARN_INFINITE_RECURSION = YES;
				CLANG_WARN_INT_CONVERSION = YES;
				CLANG_WARN_NON_LITERAL_NULL_CONVERSION = YES;
				CLANG_WARN_OBJC_IMPLICIT_RETAIN_SELF = YES;
				CLANG_WARN_OBJC_LITERAL_CONVERSION = YES;
				CLANG_WARN_OBJC_ROOT_CLASS = YES_ERROR;
				CLANG_WARN_QUOTED_INCLUDE_IN_FRAMEWORK_HEADER = YES;
				CLANG_WARN_RANGE_LOOP_ANALYSIS = YES;
				CLANG_WARN_STRICT_PROTOTYPES = YES;
				CLANG_WARN_SUSPICIOUS_MOVE = YES;
				CLANG_WARN_UNGUARDED_AVAILABILITY = YES_AGGRESSIVE;
				CLANG_WARN_UNREACHABLE_CODE = YES;
				CLANG_WARN__DUPLICATE_METHOD_MATCH = YES;
				COPY_PHASE_STRIP = NO;
				DEBUG_INFORMATION_FORMAT = dwarf;
				ENABLE_STRICT_OBJC_MSGSEND = YES;
				ENABLE_TESTABILITY = YES;
				GCC_C_LANGUAGE_STANDARD = gnu11;
				GCC_DYNAMIC_NO_PIC = NO;
				GCC_NO_COMMON_BLOCKS = YES;
				GCC_OPTIMIZATION_LEVEL = 0;
				GCC_PREPROCESSOR_DEFINITIONS = (
					"DEBUG=1",
					"$(inherited)",
				);
				GCC_WARN_64_TO_32_BIT_CONVERSION = YES;
				GCC_WARN_ABOUT_RETURN_TYPE = YES_ERROR;
				GCC_WARN_UNDECLARED_SELECTOR = YES;
				GCC_WARN_UNINITIALIZED_AUTOS = YES_AGGRESSIVE;
				GCC_WARN_UNUSED_FUNCTION = YES;
				GCC_WARN_UNUSED_VARIABLE = YES;
				IPHONEOS_DEPLOYMENT_TARGET = 16.1;
				MTL_ENABLE_DEBUG_INFO = INCLUDE_SOURCE;
				MTL_FAST_MATH = YES;
				ONLY_ACTIVE_ARCH = YES;
				SDKROOT = iphoneos;
				SWIFT_ACTIVE_COMPILATION_CONDITIONS = DEBUG;
				SWIFT_OPTIMIZATION_LEVEL = "-Onone";
			};
			name = Debug;
		};
		1EB64FFB2BBDEAA40092D7F9 /* Release */ = {
			isa = XCBuildConfiguration;
			buildSettings = {
				ALWAYS_SEARCH_USER_PATHS = NO;
				CLANG_ANALYZER_NONNULL = YES;
				CLANG_ANALYZER_NUMBER_OBJECT_CONVERSION = YES_AGGRESSIVE;
				CLANG_CXX_LANGUAGE_STANDARD = "gnu++20";
				CLANG_ENABLE_MODULES = YES;
				CLANG_ENABLE_OBJC_ARC = YES;
				CLANG_ENABLE_OBJC_WEAK = YES;
				CLANG_WARN_BLOCK_CAPTURE_AUTORELEASING = YES;
				CLANG_WARN_BOOL_CONVERSION = YES;
				CLANG_WARN_COMMA = YES;
				CLANG_WARN_CONSTANT_CONVERSION = YES;
				CLANG_WARN_DEPRECATED_OBJC_IMPLEMENTATIONS = YES;
				CLANG_WARN_DIRECT_OBJC_ISA_USAGE = YES_ERROR;
				CLANG_WARN_DOCUMENTATION_COMMENTS = YES;
				CLANG_WARN_EMPTY_BODY = YES;
				CLANG_WARN_ENUM_CONVERSION = YES;
				CLANG_WARN_INFINITE_RECURSION = YES;
				CLANG_WARN_INT_CONVERSION = YES;
				CLANG_WARN_NON_LITERAL_NULL_CONVERSION = YES;
				CLANG_WARN_OBJC_IMPLICIT_RETAIN_SELF = YES;
				CLANG_WARN_OBJC_LITERAL_CONVERSION = YES;
				CLANG_WARN_OBJC_ROOT_CLASS = YES_ERROR;
				CLANG_WARN_QUOTED_INCLUDE_IN_FRAMEWORK_HEADER = YES;
				CLANG_WARN_RANGE_LOOP_ANALYSIS = YES;
				CLANG_WARN_STRICT_PROTOTYPES = YES;
				CLANG_WARN_SUSPICIOUS_MOVE = YES;
				CLANG_WARN_UNGUARDED_AVAILABILITY = YES_AGGRESSIVE;
				CLANG_WARN_UNREACHABLE_CODE = YES;
				CLANG_WARN__DUPLICATE_METHOD_MATCH = YES;
				COPY_PHASE_STRIP = NO;
				DEBUG_INFORMATION_FORMAT = "dwarf-with-dsym";
				ENABLE_NS_ASSERTIONS = NO;
				ENABLE_STRICT_OBJC_MSGSEND = YES;
				GCC_C_LANGUAGE_STANDARD = gnu11;
				GCC_NO_COMMON_BLOCKS = YES;
				GCC_WARN_64_TO_32_BIT_CONVERSION = YES;
				GCC_WARN_ABOUT_RETURN_TYPE = YES_ERROR;
				GCC_WARN_UNDECLARED_SELECTOR = YES;
				GCC_WARN_UNINITIALIZED_AUTOS = YES_AGGRESSIVE;
				GCC_WARN_UNUSED_FUNCTION = YES;
				GCC_WARN_UNUSED_VARIABLE = YES;
				IPHONEOS_DEPLOYMENT_TARGET = 16.1;
				MTL_ENABLE_DEBUG_INFO = NO;
				MTL_FAST_MATH = YES;
				SDKROOT = iphoneos;
				SWIFT_COMPILATION_MODE = wholemodule;
				SWIFT_OPTIMIZATION_LEVEL = "-O";
				VALIDATE_PRODUCT = YES;
			};
			name = Release;
		};
		1EB64FFD2BBDEAA40092D7F9 /* Debug */ = {
			isa = XCBuildConfiguration;
			buildSettings = {
				ASSETCATALOG_COMPILER_APPICON_NAME = AppIcon;
				ASSETCATALOG_COMPILER_GLOBAL_ACCENT_COLOR_NAME = AccentColor;
				CODE_SIGN_STYLE = Automatic;
				CURRENT_PROJECT_VERSION = 1;
				DEVELOPMENT_ASSET_PATHS = "\"swift-authentication/Preview Content\"";
				DEVELOPMENT_TEAM = 49AKYU26GJ;
				ENABLE_PREVIEWS = YES;
				GENERATE_INFOPLIST_FILE = YES;
				INFOPLIST_KEY_UIApplicationSceneManifest_Generation = YES;
				INFOPLIST_KEY_UIApplicationSupportsIndirectInputEvents = YES;
				INFOPLIST_KEY_UILaunchScreen_Generation = YES;
				INFOPLIST_KEY_UISupportedInterfaceOrientations_iPad = "UIInterfaceOrientationPortrait UIInterfaceOrientationPortraitUpsideDown UIInterfaceOrientationLandscapeLeft UIInterfaceOrientationLandscapeRight";
				INFOPLIST_KEY_UISupportedInterfaceOrientations_iPhone = "UIInterfaceOrientationPortrait UIInterfaceOrientationLandscapeLeft UIInterfaceOrientationLandscapeRight";
				LD_RUNPATH_SEARCH_PATHS = (
					"$(inherited)",
					"@executable_path/Frameworks",
				);
				MARKETING_VERSION = 1.0;
				PRODUCT_BUNDLE_IDENTIFIER = "elkingarcia.swift-authentication";
				PRODUCT_NAME = "$(TARGET_NAME)";
				SWIFT_EMIT_LOC_STRINGS = YES;
				SWIFT_VERSION = 5.0;
				TARGETED_DEVICE_FAMILY = "1,2";
			};
			name = Debug;
		};
		1EB64FFE2BBDEAA40092D7F9 /* Release */ = {
			isa = XCBuildConfiguration;
			buildSettings = {
				ASSETCATALOG_COMPILER_APPICON_NAME = AppIcon;
				ASSETCATALOG_COMPILER_GLOBAL_ACCENT_COLOR_NAME = AccentColor;
				CODE_SIGN_STYLE = Automatic;
				CURRENT_PROJECT_VERSION = 1;
				DEVELOPMENT_ASSET_PATHS = "\"swift-authentication/Preview Content\"";
				DEVELOPMENT_TEAM = 49AKYU26GJ;
				ENABLE_PREVIEWS = YES;
				GENERATE_INFOPLIST_FILE = YES;
				INFOPLIST_KEY_UIApplicationSceneManifest_Generation = YES;
				INFOPLIST_KEY_UIApplicationSupportsIndirectInputEvents = YES;
				INFOPLIST_KEY_UILaunchScreen_Generation = YES;
				INFOPLIST_KEY_UISupportedInterfaceOrientations_iPad = "UIInterfaceOrientationPortrait UIInterfaceOrientationPortraitUpsideDown UIInterfaceOrientationLandscapeLeft UIInterfaceOrientationLandscapeRight";
				INFOPLIST_KEY_UISupportedInterfaceOrientations_iPhone = "UIInterfaceOrientationPortrait UIInterfaceOrientationLandscapeLeft UIInterfaceOrientationLandscapeRight";
				LD_RUNPATH_SEARCH_PATHS = (
					"$(inherited)",
					"@executable_path/Frameworks",
				);
				MARKETING_VERSION = 1.0;
				PRODUCT_BUNDLE_IDENTIFIER = "elkingarcia.swift-authentication";
				PRODUCT_NAME = "$(TARGET_NAME)";
				SWIFT_EMIT_LOC_STRINGS = YES;
				SWIFT_VERSION = 5.0;
				TARGETED_DEVICE_FAMILY = "1,2";
			};
			name = Release;
		};
		1EB650002BBDEAA40092D7F9 /* Debug */ = {
			isa = XCBuildConfiguration;
			buildSettings = {
				ALWAYS_EMBED_SWIFT_STANDARD_LIBRARIES = YES;
				BUNDLE_LOADER = "$(TEST_HOST)";
				CODE_SIGN_STYLE = Automatic;
				CURRENT_PROJECT_VERSION = 1;
				DEVELOPMENT_TEAM = 49AKYU26GJ;
				GENERATE_INFOPLIST_FILE = YES;
				IPHONEOS_DEPLOYMENT_TARGET = 16.1;
				MARKETING_VERSION = 1.0;
				PRODUCT_BUNDLE_IDENTIFIER = "elkingarcia.swift-authenticationTests";
				PRODUCT_NAME = "$(TARGET_NAME)";
				SWIFT_EMIT_LOC_STRINGS = NO;
				SWIFT_VERSION = 5.0;
				TARGETED_DEVICE_FAMILY = "1,2";
				TEST_HOST = "$(BUILT_PRODUCTS_DIR)/swift-authentication.app/$(BUNDLE_EXECUTABLE_FOLDER_PATH)/swift-authentication";
			};
			name = Debug;
		};
		1EB650012BBDEAA40092D7F9 /* Release */ = {
			isa = XCBuildConfiguration;
			buildSettings = {
				ALWAYS_EMBED_SWIFT_STANDARD_LIBRARIES = YES;
				BUNDLE_LOADER = "$(TEST_HOST)";
				CODE_SIGN_STYLE = Automatic;
				CURRENT_PROJECT_VERSION = 1;
				DEVELOPMENT_TEAM = 49AKYU26GJ;
				GENERATE_INFOPLIST_FILE = YES;
				IPHONEOS_DEPLOYMENT_TARGET = 16.1;
				MARKETING_VERSION = 1.0;
				PRODUCT_BUNDLE_IDENTIFIER = "elkingarcia.swift-authenticationTests";
				PRODUCT_NAME = "$(TARGET_NAME)";
				SWIFT_EMIT_LOC_STRINGS = NO;
				SWIFT_VERSION = 5.0;
				TARGETED_DEVICE_FAMILY = "1,2";
				TEST_HOST = "$(BUILT_PRODUCTS_DIR)/swift-authentication.app/$(BUNDLE_EXECUTABLE_FOLDER_PATH)/swift-authentication";
			};
			name = Release;
		};
		1EB650032BBDEAA40092D7F9 /* Debug */ = {
			isa = XCBuildConfiguration;
			buildSettings = {
				ALWAYS_EMBED_SWIFT_STANDARD_LIBRARIES = YES;
				CODE_SIGN_STYLE = Automatic;
				CURRENT_PROJECT_VERSION = 1;
				DEVELOPMENT_TEAM = 49AKYU26GJ;
				GENERATE_INFOPLIST_FILE = YES;
				MARKETING_VERSION = 1.0;
				PRODUCT_BUNDLE_IDENTIFIER = "elkingarcia.swift-authenticationUITests";
				PRODUCT_NAME = "$(TARGET_NAME)";
				SWIFT_EMIT_LOC_STRINGS = NO;
				SWIFT_VERSION = 5.0;
				TARGETED_DEVICE_FAMILY = "1,2";
				TEST_TARGET_NAME = "swift-authentication";
			};
			name = Debug;
		};
		1EB650042BBDEAA40092D7F9 /* Release */ = {
			isa = XCBuildConfiguration;
			buildSettings = {
				ALWAYS_EMBED_SWIFT_STANDARD_LIBRARIES = YES;
				CODE_SIGN_STYLE = Automatic;
				CURRENT_PROJECT_VERSION = 1;
				DEVELOPMENT_TEAM = 49AKYU26GJ;
				GENERATE_INFOPLIST_FILE = YES;
				MARKETING_VERSION = 1.0;
				PRODUCT_BUNDLE_IDENTIFIER = "elkingarcia.swift-authenticationUITests";
				PRODUCT_NAME = "$(TARGET_NAME)";
				SWIFT_EMIT_LOC_STRINGS = NO;
				SWIFT_VERSION = 5.0;
				TARGETED_DEVICE_FAMILY = "1,2";
				TEST_TARGET_NAME = "swift-authentication";
			};
			name = Release;
		};
/* End XCBuildConfiguration section */

/* Begin XCConfigurationList section */
		1EB64FCE2BBDEAA30092D7F9 /* Build configuration list for PBXProject "swift-authentication" */ = {
			isa = XCConfigurationList;
			buildConfigurations = (
				1EB64FFA2BBDEAA40092D7F9 /* Debug */,
				1EB64FFB2BBDEAA40092D7F9 /* Release */,
			);
			defaultConfigurationIsVisible = 0;
			defaultConfigurationName = Release;
		};
		1EB64FFC2BBDEAA40092D7F9 /* Build configuration list for PBXNativeTarget "swift-authentication" */ = {
			isa = XCConfigurationList;
			buildConfigurations = (
				1EB64FFD2BBDEAA40092D7F9 /* Debug */,
				1EB64FFE2BBDEAA40092D7F9 /* Release */,
			);
			defaultConfigurationIsVisible = 0;
			defaultConfigurationName = Release;
		};
		1EB64FFF2BBDEAA40092D7F9 /* Build configuration list for PBXNativeTarget "swift-authenticationTests" */ = {
			isa = XCConfigurationList;
			buildConfigurations = (
				1EB650002BBDEAA40092D7F9 /* Debug */,
				1EB650012BBDEAA40092D7F9 /* Release */,
			);
			defaultConfigurationIsVisible = 0;
			defaultConfigurationName = Release;
		};
		1EB650022BBDEAA40092D7F9 /* Build configuration list for PBXNativeTarget "swift-authenticationUITests" */ = {
			isa = XCConfigurationList;
			buildConfigurations = (
				1EB650032BBDEAA40092D7F9 /* Debug */,
				1EB650042BBDEAA40092D7F9 /* Release */,
			);
			defaultConfigurationIsVisible = 0;
			defaultConfigurationName = Release;
		};
/* End XCConfigurationList section */

/* Begin XCVersionGroup section */
		1EB64FE12BBDEAA40092D7F9 /* swift_authentication.xcdatamodeld */ = {
			isa = XCVersionGroup;
			children = (
				1EB64FE22BBDEAA40092D7F9 /* swift_authentication.xcdatamodel */,
			);
			currentVersion = 1EB64FE22BBDEAA40092D7F9 /* swift_authentication.xcdatamodel */;
			path = swift_authentication.xcdatamodeld;
			sourceTree = "<group>";
			versionGroupType = wrapper.xcdatamodel;
		};
/* End XCVersionGroup section */
	};
	rootObject = 1EB64FCB2BBDEAA30092D7F9 /* Project object */;
}
